
Microsoft Visual Studio Solution File, Format Version 12.00
# Visual Studio Version 16
VisualStudioVersion = 16.0.29609.76
MinimumVisualStudioVersion = 10.0.40219.1
Project("{FAE04EC0-301F-11D3-BF4B-00C04F79EFBC}") = "Exapmle", "Exapmle\Exapmle.csproj", "{36358672-5D3E-4AA2-AA16-FB3070CCB787}"
EndProject
Global
	GlobalSection(SolutionConfigurationPlatforms) = preSolution
		Debug|Any CPU = Debug|Any CPU
		Release|Any CPU = Release|Any CPU
	EndGlobalSection
	GlobalSection(ProjectConfigurationPlatforms) = postSolution
		{36358672-5D3E-4AA2-AA16-FB3070CCB787}.Debug|Any CPU.ActiveCfg = Debug|Any CPU
		{36358672-5D3E-4AA2-AA16-FB3070CCB787}.Debug|Any CPU.Build.0 = Debug|Any CPU
		{36358672-5D3E-4AA2-AA16-FB3070CCB787}.Release|Any CPU.ActiveCfg = Release|Any CPU
		{36358672-5D3E-4AA2-AA16-FB3070CCB787}.Release|Any CPU.Build.0 = Release|Any CPU
	EndGlobalSection
	GlobalSection(SolutionProperties) = preSolution
		HideSolutionNode = FALSE
	EndGlobalSection
	GlobalSection(ExtensibilityGlobals) = postSolution
		SolutionGuid = {69A7FB2C-13F6-4B30-9784-58FB282CA051}
	EndGlobalSection
EndGlobal
